{
  "name": "ex-todo-or-hadar",
  "version": "1.0.0",
  "lockfileVersion": 1,
  "requires": true,
  "dependencies": {
    "core-js": {
      "version": "3.15.2",
      "resolved": "https://registry.npmjs.org/core-js/-/core-js-3.15.2.tgz",
      "integrity": "sha512-tKs41J7NJVuaya8DxIOCnl8QuPHx5/ZVbFo1oKgVl1qHFBBrDctzQGtuLjPpRdNTWmKPH6oEvgN/MUID+l485Q==",
      "dev": true
    },
    "vue": {
      "version": "2.6.14",
      "resolved": "https://registry.npmjs.org/vue/-/vue-2.6.14.tgz",
      "integrity": "sha512-x2284lgYvjOMj3Za7kqzRcUSxBboHqtgRE2zlos1qWaOye5yUmHn42LB1250NJBLRwEcdrB0JRwyPTEPhfQjiQ==",
      "dev": true
    },
    "vue-avatar": {
      "version": "2.3.3",
      "resolved": "https://registry.npmjs.org/vue-avatar/-/vue-avatar-2.3.3.tgz",
      "integrity": "sha512-Z57ILRTkFIAuCH9JiFBxX74C5zua5ub/jRDM/KZ+QKXNfscvmUOgWBs3kA2+wrpZMowIvfLHIT0gvQu1z+zpLg=="
    },
    "vue-avatar-component": {
      "version": "1.3.1",
      "resolved": "https://registry.npmjs.org/vue-avatar-component/-/vue-avatar-component-1.3.1.tgz",
      "integrity": "sha512-Qr+QAuMhpIKq6VZYYS21siU21AH8bC7FgAEcnY1edML3MLi9UBhF3X1jiTZTdyLu1DxIM+OyWPboKj9IoskEiA==",
      "dev": true,
      "requires": {
        "core-js": "^3.6.4",
        "vue": "^2.6.11"
      }
    }
  }
}
